
Microsoft Visual Studio Solution File, Format Version 12.00
# Visual Studio Version 17
VisualStudioVersion = 17.9.34728.123
MinimumVisualStudioVersion = 10.0.40219.1
Project("{FAE04EC0-301F-11D3-BF4B-00C04F79EFBC}") = "FYP_Tool", "FYP_Tool\FYP_Tool.csproj", "{BE6DECF0-60D4-4BCF-BF24-41CDDB1B132F}"
EndProject
Global
	GlobalSection(SolutionConfigurationPlatforms) = preSolution
		Debug|Any CPU = Debug|Any CPU
		Release|Any CPU = Release|Any CPU
	EndGlobalSection
	GlobalSection(ProjectConfigurationPlatforms) = postSolution
		{BE6DECF0-60D4-4BCF-BF24-41CDDB1B132F}.Debug|Any CPU.ActiveCfg = Debug|Any CPU
		{BE6DECF0-60D4-4BCF-BF24-41CDDB1B132F}.Debug|Any CPU.Build.0 = Debug|Any CPU
		{BE6DECF0-60D4-4BCF-BF24-41CDDB1B132F}.Release|Any CPU.ActiveCfg = Release|Any CPU
		{BE6DECF0-60D4-4BCF-BF24-41CDDB1B132F}.Release|Any CPU.Build.0 = Release|Any CPU
	EndGlobalSection
	GlobalSection(SolutionProperties) = preSolution
		HideSolutionNode = FALSE
	EndGlobalSection
	GlobalSection(ExtensibilityGlobals) = postSolution
		SolutionGuid = {66B1F81B-972D-4EC0-A5FC-A78B93AF6268}
	EndGlobalSection
EndGlobal
